
Microsoft Visual Studio Solution File, Format Version 12.00
# Visual Studio Version 16
VisualStudioVersion = 16.0.31424.327
MinimumVisualStudioVersion = 10.0.40219.1
Project("{FAE04EC0-301F-11D3-BF4B-00C04F79EFBC}") = "EmployeePayroll", "EmployeePayroll.csproj", "{69151891-6D7E-4DC5-91A8-5B5698181C73}"
EndProject
Global
	GlobalSection(SolutionConfigurationPlatforms) = preSolution
		Debug|Any CPU = Debug|Any CPU
		Release|Any CPU = Release|Any CPU
	EndGlobalSection
	GlobalSection(ProjectConfigurationPlatforms) = postSolution
		{69151891-6D7E-4DC5-91A8-5B5698181C73}.Debug|Any CPU.ActiveCfg = Debug|Any CPU
		{69151891-6D7E-4DC5-91A8-5B5698181C73}.Debug|Any CPU.Build.0 = Debug|Any CPU
		{69151891-6D7E-4DC5-91A8-5B5698181C73}.Release|Any CPU.ActiveCfg = Release|Any CPU
		{69151891-6D7E-4DC5-91A8-5B5698181C73}.Release|Any CPU.Build.0 = Release|Any CPU
	EndGlobalSection
	GlobalSection(SolutionProperties) = preSolution
		HideSolutionNode = FALSE
	EndGlobalSection
	GlobalSection(ExtensibilityGlobals) = postSolution
		SolutionGuid = {2BF23870-0C85-4857-82BE-377D35E619E2}
	EndGlobalSection
EndGlobal
